{
  "nodes": {
    "nixpkgs": {
      "locked": {
        "lastModified": 1704018918,
        "narHash": "sha256-erjg/HrpC9liEfm7oLqb8GXCqsxaFwIIPqCsknW5aFY=",
        "rev": "2c9c58e98243930f8cb70387934daa4bc8b00373",
        "revCount": 492893,
        "type": "tarball",
        "url": "https://api.flakehub.com/f/pinned/NixOS/nixpkgs/0.2305.492893%2Brev-2c9c58e98243930f8cb70387934daa4bc8b00373/018cc624-f125-7ddb-a6b1-6e9c8104baf9/source.tar.gz"
      },
      "original": {
        "type": "tarball",
        "url": "https://flakehub.com/f/NixOS/nixpkgs/0.2305.491812.tar.gz"
      }
    },
    "root": {
      "inputs": {
        "nixpkgs": "nixpkgs"
      }
    }
  },
  "root": "root",
  "version": 7
}
